{
  "requires": true,
  "lockfileVersion": 1,
  "dependencies": {
    "bignumber.js": {
      "version": "2.4.0",
      "resolved": "https://registry.npmjs.org/bignumber.js/-/bignumber.js-2.4.0.tgz",
      "integrity": "sha1-g4qZLan51zfg9LLbC+YrsJ3Qxeg="
    },
    "ethereumjs-units": {
      "version": "0.2.0",
      "resolved": "https://registry.npmjs.org/ethereumjs-units/-/ethereumjs-units-0.2.0.tgz",
      "integrity": "sha1-bqMRMqq8LMe4pSkOJlWTozdof6M=",
      "requires": {
        "bignumber.js": "^2.3.0"
      }
    }
  }
}
